
Microsoft Visual Studio Solution File, Format Version 12.00
# Visual Studio 15
VisualStudioVersion = 15.0.26403.7
MinimumVisualStudioVersion = 10.0.40219.1
Project("{FAE04EC0-301F-11D3-BF4B-00C04F79EFBC}") = "GenericBox", "GenericBox\GenericBox.csproj", "{64853F51-36EC-40CE-910B-946CB8E9B1A6}"
EndProject
Project("{FAE04EC0-301F-11D3-BF4B-00C04F79EFBC}") = "GenericCustomList", "GenericCustomList\GenericCustomList.csproj", "{B025DA8B-4C45-4868-953D-BBE9FD114F71}"
EndProject
Project("{FAE04EC0-301F-11D3-BF4B-00C04F79EFBC}") = "GenericTuples", "GenericTuples\GenericTuples.csproj", "{F247A387-8581-4B64-B006-CBBF796F1693}"
EndProject
Global
	GlobalSection(SolutionConfigurationPlatforms) = preSolution
		Debug|Any CPU = Debug|Any CPU
		Release|Any CPU = Release|Any CPU
	EndGlobalSection
	GlobalSection(ProjectConfigurationPlatforms) = postSolution
		{64853F51-36EC-40CE-910B-946CB8E9B1A6}.Debug|Any CPU.ActiveCfg = Debug|Any CPU
		{64853F51-36EC-40CE-910B-946CB8E9B1A6}.Debug|Any CPU.Build.0 = Debug|Any CPU
		{64853F51-36EC-40CE-910B-946CB8E9B1A6}.Release|Any CPU.ActiveCfg = Release|Any CPU
		{64853F51-36EC-40CE-910B-946CB8E9B1A6}.Release|Any CPU.Build.0 = Release|Any CPU
		{B025DA8B-4C45-4868-953D-BBE9FD114F71}.Debug|Any CPU.ActiveCfg = Debug|Any CPU
		{B025DA8B-4C45-4868-953D-BBE9FD114F71}.Debug|Any CPU.Build.0 = Debug|Any CPU
		{B025DA8B-4C45-4868-953D-BBE9FD114F71}.Release|Any CPU.ActiveCfg = Release|Any CPU
		{B025DA8B-4C45-4868-953D-BBE9FD114F71}.Release|Any CPU.Build.0 = Release|Any CPU
		{F247A387-8581-4B64-B006-CBBF796F1693}.Debug|Any CPU.ActiveCfg = Debug|Any CPU
		{F247A387-8581-4B64-B006-CBBF796F1693}.Debug|Any CPU.Build.0 = Debug|Any CPU
		{F247A387-8581-4B64-B006-CBBF796F1693}.Release|Any CPU.ActiveCfg = Release|Any CPU
		{F247A387-8581-4B64-B006-CBBF796F1693}.Release|Any CPU.Build.0 = Release|Any CPU
	EndGlobalSection
	GlobalSection(SolutionProperties) = preSolution
		HideSolutionNode = FALSE
	EndGlobalSection
EndGlobal
